Microsoft Visual Studio Solution File, Format Version 12.00
# Visual Studio Version 17
VisualStudioVersion = 17.11.35208.52
MinimumVisualStudioVersion = 10.0.40219.1
Project("{9A19103F-16F7-4668-BE54-9A1E7A4F7556}") = "AspireTest.AppHost", "AspireTest.AppHost\AspireTest.AppHost.csproj", "{89B08716-86E1-4A7D-ACC3-0FC949FF51D8}"
EndProject
Project("{9A19103F-16F7-4668-BE54-9A1E7A4F7556}") = "AspireTest.ServiceDefaults", "AspireTest.ServiceDefaults\AspireTest.ServiceDefaults.csproj", "{D41C2B5E-E533-4926-B33D-81DDD85802F0}"
EndProject
Project("{9A19103F-16F7-4668-BE54-9A1E7A4F7556}") = "PetClinicWebMonolith", "PetClinicWebMonolith\PetClinicWebMonolith.csproj", "{C2EE07AE-802B-47A8-830B-6BFC7F7B027A}"
EndProject
Global
	GlobalSection(SolutionConfigurationPlatforms) = preSolution
		Debug|Any CPU = Debug|Any CPU
		Release|Any CPU = Release|Any CPU
	EndGlobalSection
	GlobalSection(ProjectConfigurationPlatforms) = postSolution
		{89B08716-86E1-4A7D-ACC3-0FC949FF51D8}.Debug|Any CPU.ActiveCfg = Debug|Any CPU
		{89B08716-86E1-4A7D-ACC3-0FC949FF51D8}.Debug|Any CPU.Build.0 = Debug|Any CPU
		{89B08716-86E1-4A7D-ACC3-0FC949FF51D8}.Release|Any CPU.ActiveCfg = Release|Any CPU
		{89B08716-86E1-4A7D-ACC3-0FC949FF51D8}.Release|Any CPU.Build.0 = Release|Any CPU
		{D41C2B5E-E533-4926-B33D-81DDD85802F0}.Debug|Any CPU.ActiveCfg = Debug|Any CPU
		{D41C2B5E-E533-4926-B33D-81DDD85802F0}.Debug|Any CPU.Build.0 = Debug|Any CPU
		{D41C2B5E-E533-4926-B33D-81DDD85802F0}.Release|Any CPU.ActiveCfg = Release|Any CPU
		{D41C2B5E-E533-4926-B33D-81DDD85802F0}.Release|Any CPU.Build.0 = Release|Any CPU
		{C2EE07AE-802B-47A8-830B-6BFC7F7B027A}.Debug|Any CPU.ActiveCfg = Debug|Any CPU
		{C2EE07AE-802B-47A8-830B-6BFC7F7B027A}.Debug|Any CPU.Build.0 = Debug|Any CPU
		{C2EE07AE-802B-47A8-830B-6BFC7F7B027A}.Release|Any CPU.ActiveCfg = Release|Any CPU
		{C2EE07AE-802B-47A8-830B-6BFC7F7B027A}.Release|Any CPU.Build.0 = Release|Any CPU
	EndGlobalSection
	GlobalSection(SolutionProperties) = preSolution
		HideSolutionNode = FALSE
	EndGlobalSection
	GlobalSection(ExtensibilityGlobals) = postSolution
		SolutionGuid = {E495B04D-FBD8-45FE-9632-976B50E10A08}
	EndGlobalSection
EndGlobal
